{
  "name": "animation",
  "version": "1.0.0",
  "lockfileVersion": 2,
  "requires": true,
  "packages": {
    "": {
      "name": "animation",
      "version": "1.0.0",
      "license": "ISC",
      "dependencies": {
        "@types/react": "^18.0.15",
        "@types/react-dom": "^18.0.6",
        "cdt2d": "^1.0.0",
        "esbuild": "^0.14.48",
        "gl-matrix": "^3.4.3",
        "open-simplex-noise": "^2.5.0",
        "ray-plane-intersection": "^1.0.0",
        "react": "^18.2.0",
        "react-dom": "^18.2.0",
        "robust-point-in-polygon": "^1.0.3",
        "simplex-noise": "^4.0.0",
        "split-polygon": "^1.0.0",
        "ts-node": "^10.9.1",
        "typescript": "^4.7.4",
        "watertight-ray-triangle-intersection": "^0.0.1"
      }
    },
    "node_modules/@cspotcode/source-map-support": {
      "version": "0.8.1",
      "resolved": "https://registry.npmjs.org/@cspotcode/source-map-support/-/source-map-support-0.8.1.tgz",
      "integrity": "sha512-IchNf6dN4tHoMFIn/7OE8LWZ19Y6q/67Bmf6vnGREv8RSbBVb9LPJxEcnwrcwX6ixSvaiGoomAUvu4YSxXrVgw==",
      "dependencies": {
        "@jridgewell/trace-mapping": "0.3.9"
      },
      "engines": {
        "node": ">=12"
      }
    },
    "node_modules/@jridgewell/resolve-uri": {
      "version": "3.1.0",
      "resolved": "https://registry.npmjs.org/@jridgewell/resolve-uri/-/resolve-uri-3.1.0.tgz",
      "integrity": "sha512-F2msla3tad+Mfht5cJq7LSXcdudKTWCVYUgw6pLFOOHSTtZlj6SWNYAp+AhuqLmWdBO2X5hPrLcu8cVP8fy28w==",
      "engines": {
        "node": ">=6.0.0"
      }
    },
    "node_modules/@jridgewell/sourcemap-codec": {
      "version": "1.4.14",
      "resolved": "https://registry.npmjs.org/@jridgewell/sourcemap-codec/-/sourcemap-codec-1.4.14.tgz",
      "integrity": "sha512-XPSJHWmi394fuUuzDnGz1wiKqWfo1yXecHQMRf2l6hztTO+nPru658AyDngaBe7isIxEkRsPR3FZh+s7iVa4Uw=="
    },
    "node_modules/@jridgewell/trace-mapping": {
      "version": "0.3.9",
      "resolved": "https://registry.npmjs.org/@jridgewell/trace-mapping/-/trace-mapping-0.3.9.tgz",
      "integrity": "sha512-3Belt6tdc8bPgAtbcmdtNJlirVoTmEb5e2gC94PnkwEW9jI6CAHUeoG85tjWP5WquqfavoMtMwiG4P926ZKKuQ==",
      "dependencies": {
        "@jridgewell/resolve-uri": "^3.0.3",
        "@jridgewell/sourcemap-codec": "^1.4.10"
      }
    },
    "node_modules/@tsconfig/node10": {
      "version": "1.0.9",
      "resolved": "https://registry.npmjs.org/@tsconfig/node10/-/node10-1.0.9.tgz",
      "integrity": "sha512-jNsYVVxU8v5g43Erja32laIDHXeoNvFEpX33OK4d6hljo3jDhCBDhx5dhCCTMWUojscpAagGiRkBKxpdl9fxqA=="
    },
    "node_modules/@tsconfig/node12": {
      "version": "1.0.11",
      "resolved": "https://registry.npmjs.org/@tsconfig/node12/-/node12-1.0.11.tgz",
      "integrity": "sha512-cqefuRsh12pWyGsIoBKJA9luFu3mRxCA+ORZvA4ktLSzIuCUtWVxGIuXigEwO5/ywWFMZ2QEGKWvkZG1zDMTag=="
    },
    "node_modules/@tsconfig/node14": {
      "version": "1.0.3",
      "resolved": "https://registry.npmjs.org/@tsconfig/node14/-/node14-1.0.3.tgz",
      "integrity": "sha512-ysT8mhdixWK6Hw3i1V2AeRqZ5WfXg1G43mqoYlM2nc6388Fq5jcXyr5mRsqViLx/GJYdoL0bfXD8nmF+Zn/Iow=="
    },
    "node_modules/@tsconfig/node16": {
      "version": "1.0.3",
      "resolved": "https://registry.npmjs.org/@tsconfig/node16/-/node16-1.0.3.tgz",
      "integrity": "sha512-yOlFc+7UtL/89t2ZhjPvvB/DeAr3r+Dq58IgzsFkOAvVC6NMJXmCGjbptdXdR9qsX7pKcTL+s87FtYREi2dEEQ=="
    },
    "node_modules/@types/node": {
      "version": "18.0.5",
      "resolved": "https://registry.npmjs.org/@types/node/-/node-18.0.5.tgz",
      "integrity": "sha512-En7tneq+j0qAiVwysBD79y86MT3ModuoIJbe7JXp+sb5UAjInSShmK3nXXMioBzfF7rXC12hv12d4IyCVwN4dA==",
      "peer": true
    },
    "node_modules/@types/prop-types": {
      "version": "15.7.5",
      "resolved": "https://registry.npmjs.org/@types/prop-types/-/prop-types-15.7.5.tgz",
      "integrity": "sha512-JCB8C6SnDoQf0cNycqd/35A7MjcnK+ZTqE7judS6o7utxUCg6imJg3QK2qzHKszlTjcj2cn+NwMB2i96ubpj7w=="
    },
    "node_modules/@types/react": {
      "version": "18.0.15",
      "resolved": "https://registry.npmjs.org/@types/react/-/react-18.0.15.tgz",
      "integrity": "sha512-iz3BtLuIYH1uWdsv6wXYdhozhqj20oD4/Hk2DNXIn1kFsmp9x8d9QB6FnPhfkbhd2PgEONt9Q1x/ebkwjfFLow==",
      "dependencies": {
        "@types/prop-types": "*",
        "@types/scheduler": "*",
        "csstype": "^3.0.2"
      }
    },
    "node_modules/@types/react-dom": {
      "version": "18.0.6",
      "resolved": "https://registry.npmjs.org/@types/react-dom/-/react-dom-18.0.6.tgz",
      "integrity": "sha512-/5OFZgfIPSwy+YuIBP/FgJnQnsxhZhjjrnxudMddeblOouIodEQ75X14Rr4wGSG/bknL+Omy9iWlLo1u/9GzAA==",
      "dependencies": {
        "@types/react": "*"
      }
    },
    "node_modules/@types/scheduler": {
      "version": "0.16.2",
      "resolved": "https://registry.npmjs.org/@types/scheduler/-/scheduler-0.16.2.tgz",
      "integrity": "sha512-hppQEBDmlwhFAXKJX2KnWLYu5yMfi91yazPb2l+lbJiwW+wdo1gNeRA+3RgNSO39WYX2euey41KEwnqesU2Jew=="
    },
    "node_modules/acorn": {
      "version": "8.7.1",
      "resolved": "https://registry.npmjs.org/acorn/-/acorn-8.7.1.tgz",
      "integrity": "sha512-Xx54uLJQZ19lKygFXOWsscKUbsBZW0CPykPhVQdhIeIwrbPmJzqeASDInc8nKBnp/JT6igTs82qPXz069H8I/A==",
      "bin": {
        "acorn": "bin/acorn"
      },
      "engines": {
        "node": ">=0.4.0"
      }
    },
    "node_modules/acorn-walk": {
      "version": "8.2.0",
      "resolved": "https://registry.npmjs.org/acorn-walk/-/acorn-walk-8.2.0.tgz",
      "integrity": "sha512-k+iyHEuPgSw6SbuDpGQM+06HQUa04DZ3o+F6CSzXMvvI5KMvnaEqXe+YVe555R9nn6GPt404fos4wcgpw12SDA==",
      "engines": {
        "node": ">=0.4.0"
      }
    },
    "node_modules/arg": {
      "version": "4.1.3",
      "resolved": "https://registry.npmjs.org/arg/-/arg-4.1.3.tgz",
      "integrity": "sha512-58S9QDqG0Xx27YwPSt9fJxivjYl432YCwfDMfZ+71RAqUrZef7LrKQZ3LHLOwCS4FLNBplP533Zx895SeOCHvA=="
    },
    "node_modules/binary-search-bounds": {
      "version": "2.0.5",
      "resolved": "https://registry.npmjs.org/binary-search-bounds/-/binary-search-bounds-2.0.5.tgz",
      "integrity": "sha512-H0ea4Fd3lS1+sTEB2TgcLoK21lLhwEJzlQv3IN47pJS976Gx4zoWe0ak3q+uYh60ppQxg9F16Ri4tS1sfD4+jA=="
    },
    "node_modules/cdt2d": {
      "version": "1.0.0",
      "resolved": "https://registry.npmjs.org/cdt2d/-/cdt2d-1.0.0.tgz",
      "integrity": "sha512-pFKb7gVhpsI6onS5HUXRoqbBIJB4CJ+KPk8kgaIVcm0zFgOxIyBT5vzifZ4j1aoGVJS0U1A+S4oFDshuLAitlA==",
      "dependencies": {
        "binary-search-bounds": "^2.0.3",
        "robust-in-sphere": "^1.1.3",
        "robust-orientation": "^1.1.3"
      }
    },
    "node_modules/create-require": {
      "version": "1.1.1",
      "resolved": "https://registry.npmjs.org/create-require/-/create-require-1.1.1.tgz",
      "integrity": "sha512-dcKFX3jn0MpIaXjisoRvexIJVEKzaq7z2rZKxf+MSr9TkdmHmsU4m2lcLojrj/FHl8mk5VxMmYA+ftRkP/3oKQ=="
    },
    "node_modules/csstype": {
      "version": "3.1.0",
      "resolved": "https://registry.npmjs.org/csstype/-/csstype-3.1.0.tgz",
      "integrity": "sha512-uX1KG+x9h5hIJsaKR9xHUeUraxf8IODOwq9JLNPq6BwB04a/xgpq3rcx47l5BZu5zBPlgD342tdke3Hom/nJRA=="
    },
    "node_modules/diff": {
      "version": "4.0.2",
      "resolved": "https://registry.npmjs.org/diff/-/diff-4.0.2.tgz",
      "integrity": "sha512-58lmxKSA4BNyLz+HHMUzlOEpg09FV+ev6ZMe3vJihgdxzgcwZ8VoEEPmALCZG9LmqfVoNMMKpttIYTVG6uDY7A==",
      "engines": {
        "node": ">=0.3.1"
      }
    },
    "node_modules/esbuild": {
      "version": "0.14.48",
      "resolved": "https://registry.npmjs.org/esbuild/-/esbuild-0.14.48.tgz",
      "integrity": "sha512-w6N1Yn5MtqK2U1/WZTX9ZqUVb8IOLZkZ5AdHkT6x3cHDMVsYWC7WPdiLmx19w3i4Rwzy5LqsEMtVihG3e4rFzA==",
      "hasInstallScript": true,
      "bin": {
        "esbuild": "bin/esbuild"
      },
      "engines": {
        "node": ">=12"
      },
      "optionalDependencies": {
        "esbuild-android-64": "0.14.48",
        "esbuild-android-arm64": "0.14.48",
        "esbuild-darwin-64": "0.14.48",
        "esbuild-darwin-arm64": "0.14.48",
        "esbuild-freebsd-64": "0.14.48",
        "esbuild-freebsd-arm64": "0.14.48",
        "esbuild-linux-32": "0.14.48",
        "esbuild-linux-64": "0.14.48",
        "esbuild-linux-arm": "0.14.48",
        "esbuild-linux-arm64": "0.14.48",
        "esbuild-linux-mips64le": "0.14.48",
        "esbuild-linux-ppc64le": "0.14.48",
        "esbuild-linux-riscv64": "0.14.48",
        "esbuild-linux-s390x": "0.14.48",
        "esbuild-netbsd-64": "0.14.48",
        "esbuild-openbsd-64": "0.14.48",
        "esbuild-sunos-64": "0.14.48",
        "esbuild-windows-32": "0.14.48",
        "esbuild-windows-64": "0.14.48",
        "esbuild-windows-arm64": "0.14.48"
      }
    },
    "node_modules/esbuild-linux-64": {
      "version": "0.14.48",
      "resolved": "https://registry.npmjs.org/esbuild-linux-64/-/esbuild-linux-64-0.14.48.tgz",
      "integrity": "sha512-vni3p/gppLMVZLghI7oMqbOZdGmLbbKR23XFARKnszCIBpEMEDxOMNIKPmMItQrmH/iJrL1z8Jt2nynY0bE1ug==",
      "cpu": [
        "x64"
      ],
      "optional": true,
      "os": [
        "linux"
      ],
      "engines": {
        "node": ">=12"
      }
    },
    "node_modules/gl-matrix": {
      "version": "3.4.3",
      "resolved": "https://registry.npmjs.org/gl-matrix/-/gl-matrix-3.4.3.tgz",
      "integrity": "sha512-wcCp8vu8FT22BnvKVPjXa/ICBWRq/zjFfdofZy1WSpQZpphblv12/bOQLBC1rMM7SGOFS9ltVmKOHil5+Ml7gA=="
    },
    "node_modules/gl-vec3": {
      "version": "1.1.3",
      "resolved": "https://registry.npmjs.org/gl-vec3/-/gl-vec3-1.1.3.tgz",
      "integrity": "sha512-jduKUqT0SGH02l8Yl+mV1yVsDfYgQAJyXGxkJQGyxPLHRiW25DwVIRPt6uvhrEMHftJfqhqKthRcyZqNEl9Xdw=="
    },
    "node_modules/js-tokens": {
      "version": "4.0.0",
      "resolved": "https://registry.npmjs.org/js-tokens/-/js-tokens-4.0.0.tgz",
      "integrity": "sha512-RdJUflcE3cUzKiMqQgsCu06FPu9UdIJO0beYbPhHN4k6apgJtifcoCtT9bcxOpYBtpD2kCM6Sbzg4CausW/PKQ=="
    },
    "node_modules/loose-envify": {
      "version": "1.4.0",
      "resolved": "https://registry.npmjs.org/loose-envify/-/loose-envify-1.4.0.tgz",
      "integrity": "sha512-lyuxPGr/Wfhrlem2CL/UcnUc1zcqKAImBDzukY7Y5F/yQiNdko6+fRLevlw1HgMySw7f611UIY408EtxRSoK3Q==",
      "dependencies": {
        "js-tokens": "^3.0.0 || ^4.0.0"
      },
      "bin": {
        "loose-envify": "cli.js"
      }
    },
    "node_modules/make-error": {
      "version": "1.3.6",
      "resolved": "https://registry.npmjs.org/make-error/-/make-error-1.3.6.tgz",
      "integrity": "sha512-s8UhlNe7vPKomQhC1qFelMokr/Sc3AgNbso3n74mVPA5LTZwkB9NlXf4XPamLxJE8h0gh73rM94xvwRT2CVInw=="
    },
    "node_modules/open-simplex-noise": {
      "version": "2.5.0",
      "resolved": "https://registry.npmjs.org/open-simplex-noise/-/open-simplex-noise-2.5.0.tgz",
      "integrity": "sha512-co7x8uWxGcgFtsJNBFqI9ylq+5Isotz2hZR7dsD5Sl+RDPGBeMEG41KAfF+5gF10ksi9Pg6DNpMHEoyTKLbejQ=="
    },
    "node_modules/ray-plane-intersection": {
      "version": "1.0.0",
      "resolved": "https://registry.npmjs.org/ray-plane-intersection/-/ray-plane-intersection-1.0.0.tgz",
      "integrity": "sha512-IvYRGKZi6VSSnE7dUUBTNMG/oOVTIzBplcB7s5VJUrnp1KDRbvsinDxWFv4FftCh4c7OKSwRiWkqRA3C0KhZHQ==",
      "dependencies": {
        "gl-vec3": "^1.0.3"
      }
    },
    "node_modules/react": {
      "version": "18.2.0",
      "resolved": "https://registry.npmjs.org/react/-/react-18.2.0.tgz",
      "integrity": "sha512-/3IjMdb2L9QbBdWiW5e3P2/npwMBaU9mHCSCUzNln0ZCYbcfTsGbTJrU/kGemdH2IWmB2ioZ+zkxtmq6g09fGQ==",
      "dependencies": {
        "loose-envify": "^1.1.0"
      },
      "engines": {
        "node": ">=0.10.0"
      }
    },
    "node_modules/react-dom": {
      "version": "18.2.0",
      "resolved": "https://registry.npmjs.org/react-dom/-/react-dom-18.2.0.tgz",
      "integrity": "sha512-6IMTriUmvsjHUjNtEDudZfuDQUoWXVxKHhlEGSk81n4YFS+r/Kl99wXiwlVXtPBtJenozv2P+hxDsw9eA7Xo6g==",
      "dependencies": {
        "loose-envify": "^1.1.0",
        "scheduler": "^0.23.0"
      },
      "peerDependencies": {
        "react": "^18.2.0"
      }
    },
    "node_modules/robust-dot-product": {
      "version": "1.0.0",
      "resolved": "https://registry.npmjs.org/robust-dot-product/-/robust-dot-product-1.0.0.tgz",
      "integrity": "sha512-Nu/wah8B8RotyZLRPdlEL0ZDh3b7wSwUBLdbTHwS/yw0qqjMJ943PSCkd6EsF5R5QFDWF2x77DGsbmnv9/7/ew==",
      "dependencies": {
        "robust-sum": "^1.0.0",
        "two-product": "^1.0.0"
      }
    },
    "node_modules/robust-in-sphere": {
      "version": "1.2.1",
      "resolved": "https://registry.npmjs.org/robust-in-sphere/-/robust-in-sphere-1.2.1.tgz",
      "integrity": "sha512-3zJdcMIOP1gdwux93MKTS0RiMYEGwQBoE5R1IW/9ZQmGeZzP7f7i4+xdcK8ujJvF/dEOS1WPuI9IB1WNFbj3Cg==",
      "dependencies": {
        "robust-scale": "^1.0.0",
        "robust-subtract": "^1.0.0",
        "robust-sum": "^1.0.0",
        "two-product": "^1.0.0"
      }
    },
    "node_modules/robust-orientation": {
      "version": "1.2.1",
      "resolved": "https://registry.npmjs.org/robust-orientation/-/robust-orientation-1.2.1.tgz",
      "integrity": "sha512-FuTptgKwY6iNuU15nrIJDLjXzCChWB+T4AvksRtwPS/WZ3HuP1CElCm1t+OBfgQKfWbtZIawip+61k7+buRKAg==",
      "dependencies": {
        "robust-scale": "^1.0.2",
        "robust-subtract": "^1.0.0",
        "robust-sum": "^1.0.0",
        "two-product": "^1.0.2"
      }
    },
    "node_modules/robust-point-in-polygon": {
      "version": "1.0.3",
      "resolved": "https://registry.npmjs.org/robust-point-in-polygon/-/robust-point-in-polygon-1.0.3.tgz",
      "integrity": "sha512-pPzz7AevOOcPYnFv4Vs5L0C7BKOq6C/TfAw5EUE58CylbjGiPyMjAnPLzzSuPZ2zftUGwWbmLWPOjPOz61tAcA==",
      "dependencies": {
        "robust-orientation": "^1.0.2"
      }
    },
    "node_modules/robust-scale": {
      "version": "1.0.2",
      "resolved": "https://registry.npmjs.org/robust-scale/-/robust-scale-1.0.2.tgz",
      "integrity": "sha512-jBR91a/vomMAzazwpsPTPeuTPPmWBacwA+WYGNKcRGSh6xweuQ2ZbjRZ4v792/bZOhRKXRiQH0F48AvuajY0tQ==",
      "dependencies": {
        "two-product": "^1.0.2",
        "two-sum": "^1.0.0"
      }
    },
    "node_modules/robust-subtract": {
      "version": "1.0.0",
      "resolved": "https://registry.npmjs.org/robust-subtract/-/robust-subtract-1.0.0.tgz",
      "integrity": "sha512-xhKUno+Rl+trmxAIVwjQMiVdpF5llxytozXJOdoT4eTIqmqsndQqFb1A0oiW3sZGlhMRhOi6pAD4MF1YYW6o/A=="
    },
    "node_modules/robust-sum": {
      "version": "1.0.0",
      "resolved": "https://registry.npmjs.org/robust-sum/-/robust-sum-1.0.0.tgz",
      "integrity": "sha512-AvLExwpaqUqD1uwLU6MwzzfRdaI6VEZsyvQ3IAQ0ZJ08v1H+DTyqskrf2ZJyh0BDduFVLN7H04Zmc+qTiahhAw=="
    },
    "node_modules/scheduler": {
      "version": "0.23.0",
      "resolved": "https://registry.npmjs.org/scheduler/-/scheduler-0.23.0.tgz",
      "integrity": "sha512-CtuThmgHNg7zIZWAXi3AsyIzA3n4xx7aNyjwC2VJldO2LMVDhFK+63xGqq6CsJH4rTAt6/M+N4GhZiDYPx9eUw==",
      "dependencies": {
        "loose-envify": "^1.1.0"
      }
    },
    "node_modules/simplex-noise": {
      "version": "4.0.0",
      "resolved": "https://registry.npmjs.org/simplex-noise/-/simplex-noise-4.0.0.tgz",
      "integrity": "sha512-ciRAxJnRdQhFhZ7+yZKxk8bQJoIq2J2UPO2pbzy1vcrWFq70P4hNCCmcCTkBKDCIeXZVd/yKjL8Fmh8Aeu5+6g=="
    },
    "node_modules/split-polygon": {
      "version": "1.0.0",
      "resolved": "https://registry.npmjs.org/split-polygon/-/split-polygon-1.0.0.tgz",
      "integrity": "sha512-nBFcgQUVEE8dcOjuKaRdlM53k8RxUYpRxZ//n0pHJQGhbVscrsti+gllJI3pK3y7fgFwGWgt7NFhAX5sz0UoWQ==",
      "dependencies": {
        "robust-dot-product": "^1.0.0",
        "robust-sum": "^1.0.0"
      }
    },
    "node_modules/ts-node": {
      "version": "10.9.1",
      "resolved": "https://registry.npmjs.org/ts-node/-/ts-node-10.9.1.tgz",
      "integrity": "sha512-NtVysVPkxxrwFGUUxGYhfux8k78pQB3JqYBXlLRZgdGUqTO5wU/UyHop5p70iEbGhB7q5KmiZiU0Y3KlJrScEw==",
      "dependencies": {
        "@cspotcode/source-map-support": "^0.8.0",
        "@tsconfig/node10": "^1.0.7",
        "@tsconfig/node12": "^1.0.7",
        "@tsconfig/node14": "^1.0.0",
        "@tsconfig/node16": "^1.0.2",
        "acorn": "^8.4.1",
        "acorn-walk": "^8.1.1",
        "arg": "^4.1.0",
        "create-require": "^1.1.0",
        "diff": "^4.0.1",
        "make-error": "^1.1.1",
        "v8-compile-cache-lib": "^3.0.1",
        "yn": "3.1.1"
      },
      "bin": {
        "ts-node": "dist/bin.js",
        "ts-node-cwd": "dist/bin-cwd.js",
        "ts-node-esm": "dist/bin-esm.js",
        "ts-node-script": "dist/bin-script.js",
        "ts-node-transpile-only": "dist/bin-transpile.js",
        "ts-script": "dist/bin-script-deprecated.js"
      },
      "peerDependencies": {
        "@swc/core": ">=1.2.50",
        "@swc/wasm": ">=1.2.50",
        "@types/node": "*",
        "typescript": ">=2.7"
      },
      "peerDependenciesMeta": {
        "@swc/core": {
          "optional": true
        },
        "@swc/wasm": {
          "optional": true
        }
      }
    },
    "node_modules/two-product": {
      "version": "1.0.2",
      "resolved": "https://registry.npmjs.org/two-product/-/two-product-1.0.2.tgz",
      "integrity": "sha512-vOyrqmeYvzjToVM08iU52OFocWT6eB/I5LUWYnxeAPGXAhAxXYU/Yr/R2uY5/5n4bvJQL9AQulIuxpIsMoT8XQ=="
    },
    "node_modules/two-sum": {
      "version": "1.0.0",
      "resolved": "https://registry.npmjs.org/two-sum/-/two-sum-1.0.0.tgz",
      "integrity": "sha512-phP48e8AawgsNUjEY2WvoIWqdie8PoiDZGxTDv70LDr01uX5wLEQbOgSP7Z/B6+SW5oLtbe8qaYX2fKJs3CGTw=="
    },
    "node_modules/typescript": {
      "version": "4.7.4",
      "resolved": "https://registry.npmjs.org/typescript/-/typescript-4.7.4.tgz",
      "integrity": "sha512-C0WQT0gezHuw6AdY1M2jxUO83Rjf0HP7Sk1DtXj6j1EwkQNZrHAg2XPWlq62oqEhYvONq5pkC2Y9oPljWToLmQ==",
      "bin": {
        "tsc": "bin/tsc",
        "tsserver": "bin/tsserver"
      },
      "engines": {
        "node": ">=4.2.0"
      }
    },
    "node_modules/v8-compile-cache-lib": {
      "version": "3.0.1",
      "resolved": "https://registry.npmjs.org/v8-compile-cache-lib/-/v8-compile-cache-lib-3.0.1.tgz",
      "integrity": "sha512-wa7YjyUGfNZngI/vtK0UHAN+lgDCxBPCylVXGp0zu59Fz5aiGtNXaq3DhIov063MorB+VfufLh3JlF2KdTK3xg=="
    },
    "node_modules/watertight-ray-triangle-intersection": {
      "version": "0.0.1",
      "resolved": "https://registry.npmjs.org/watertight-ray-triangle-intersection/-/watertight-ray-triangle-intersection-0.0.1.tgz",
      "integrity": "sha512-dh4jy7BzEwjpmnvU4Zg+JVtLim7yAuQdNuQ+eNVIuBczrRP8UgaYyHtk1raNCmzOwbBYSNJDjqiermFznaua2A==",
      "dependencies": {
        "gl-vec3": "^1.0.3"
      }
    },
    "node_modules/yn": {
      "version": "3.1.1",
      "resolved": "https://registry.npmjs.org/yn/-/yn-3.1.1.tgz",
      "integrity": "sha512-Ux4ygGWsu2c7isFWe8Yu1YluJmqVhxqK2cLXNQA5AcC3QfbGNpM7fu0Y8b/z16pXLnFxZYvWhd3fhBY9DLmC6Q==",
      "engines": {
        "node": ">=6"
      }
    }
  },
  "dependencies": {
    "@cspotcode/source-map-support": {
      "version": "0.8.1",
      "resolved": "https://registry.npmjs.org/@cspotcode/source-map-support/-/source-map-support-0.8.1.tgz",
      "integrity": "sha512-IchNf6dN4tHoMFIn/7OE8LWZ19Y6q/67Bmf6vnGREv8RSbBVb9LPJxEcnwrcwX6ixSvaiGoomAUvu4YSxXrVgw==",
      "requires": {
        "@jridgewell/trace-mapping": "0.3.9"
      }
    },
    "@jridgewell/resolve-uri": {
      "version": "3.1.0",
      "resolved": "https://registry.npmjs.org/@jridgewell/resolve-uri/-/resolve-uri-3.1.0.tgz",
      "integrity": "sha512-F2msla3tad+Mfht5cJq7LSXcdudKTWCVYUgw6pLFOOHSTtZlj6SWNYAp+AhuqLmWdBO2X5hPrLcu8cVP8fy28w=="
    },
    "@jridgewell/sourcemap-codec": {
      "version": "1.4.14",
      "resolved": "https://registry.npmjs.org/@jridgewell/sourcemap-codec/-/sourcemap-codec-1.4.14.tgz",
      "integrity": "sha512-XPSJHWmi394fuUuzDnGz1wiKqWfo1yXecHQMRf2l6hztTO+nPru658AyDngaBe7isIxEkRsPR3FZh+s7iVa4Uw=="
    },
    "@jridgewell/trace-mapping": {
      "version": "0.3.9",
      "resolved": "https://registry.npmjs.org/@jridgewell/trace-mapping/-/trace-mapping-0.3.9.tgz",
      "integrity": "sha512-3Belt6tdc8bPgAtbcmdtNJlirVoTmEb5e2gC94PnkwEW9jI6CAHUeoG85tjWP5WquqfavoMtMwiG4P926ZKKuQ==",
      "requires": {
        "@jridgewell/resolve-uri": "^3.0.3",
        "@jridgewell/sourcemap-codec": "^1.4.10"
      }
    },
    "@tsconfig/node10": {
      "version": "1.0.9",
      "resolved": "https://registry.npmjs.org/@tsconfig/node10/-/node10-1.0.9.tgz",
      "integrity": "sha512-jNsYVVxU8v5g43Erja32laIDHXeoNvFEpX33OK4d6hljo3jDhCBDhx5dhCCTMWUojscpAagGiRkBKxpdl9fxqA=="
    },
    "@tsconfig/node12": {
      "version": "1.0.11",
      "resolved": "https://registry.npmjs.org/@tsconfig/node12/-/node12-1.0.11.tgz",
      "integrity": "sha512-cqefuRsh12pWyGsIoBKJA9luFu3mRxCA+ORZvA4ktLSzIuCUtWVxGIuXigEwO5/ywWFMZ2QEGKWvkZG1zDMTag=="
    },
    "@tsconfig/node14": {
      "version": "1.0.3",
      "resolved": "https://registry.npmjs.org/@tsconfig/node14/-/node14-1.0.3.tgz",
      "integrity": "sha512-ysT8mhdixWK6Hw3i1V2AeRqZ5WfXg1G43mqoYlM2nc6388Fq5jcXyr5mRsqViLx/GJYdoL0bfXD8nmF+Zn/Iow=="
    },
    "@tsconfig/node16": {
      "version": "1.0.3",
      "resolved": "https://registry.npmjs.org/@tsconfig/node16/-/node16-1.0.3.tgz",
      "integrity": "sha512-yOlFc+7UtL/89t2ZhjPvvB/DeAr3r+Dq58IgzsFkOAvVC6NMJXmCGjbptdXdR9qsX7pKcTL+s87FtYREi2dEEQ=="
    },
    "@types/node": {
      "version": "18.0.5",
      "resolved": "https://registry.npmjs.org/@types/node/-/node-18.0.5.tgz",
      "integrity": "sha512-En7tneq+j0qAiVwysBD79y86MT3ModuoIJbe7JXp+sb5UAjInSShmK3nXXMioBzfF7rXC12hv12d4IyCVwN4dA==",
      "peer": true
    },
    "@types/prop-types": {
      "version": "15.7.5",
      "resolved": "https://registry.npmjs.org/@types/prop-types/-/prop-types-15.7.5.tgz",
      "integrity": "sha512-JCB8C6SnDoQf0cNycqd/35A7MjcnK+ZTqE7judS6o7utxUCg6imJg3QK2qzHKszlTjcj2cn+NwMB2i96ubpj7w=="
    },
    "@types/react": {
      "version": "18.0.15",
      "resolved": "https://registry.npmjs.org/@types/react/-/react-18.0.15.tgz",
      "integrity": "sha512-iz3BtLuIYH1uWdsv6wXYdhozhqj20oD4/Hk2DNXIn1kFsmp9x8d9QB6FnPhfkbhd2PgEONt9Q1x/ebkwjfFLow==",
      "requires": {
        "@types/prop-types": "*",
        "@types/scheduler": "*",
        "csstype": "^3.0.2"
      }
    },
    "@types/react-dom": {
      "version": "18.0.6",
      "resolved": "https://registry.npmjs.org/@types/react-dom/-/react-dom-18.0.6.tgz",
      "integrity": "sha512-/5OFZgfIPSwy+YuIBP/FgJnQnsxhZhjjrnxudMddeblOouIodEQ75X14Rr4wGSG/bknL+Omy9iWlLo1u/9GzAA==",
      "requires": {
        "@types/react": "*"
      }
    },
    "@types/scheduler": {
      "version": "0.16.2",
      "resolved": "https://registry.npmjs.org/@types/scheduler/-/scheduler-0.16.2.tgz",
      "integrity": "sha512-hppQEBDmlwhFAXKJX2KnWLYu5yMfi91yazPb2l+lbJiwW+wdo1gNeRA+3RgNSO39WYX2euey41KEwnqesU2Jew=="
    },
    "acorn": {
      "version": "8.7.1",
      "resolved": "https://registry.npmjs.org/acorn/-/acorn-8.7.1.tgz",
      "integrity": "sha512-Xx54uLJQZ19lKygFXOWsscKUbsBZW0CPykPhVQdhIeIwrbPmJzqeASDInc8nKBnp/JT6igTs82qPXz069H8I/A=="
    },
    "acorn-walk": {
      "version": "8.2.0",
      "resolved": "https://registry.npmjs.org/acorn-walk/-/acorn-walk-8.2.0.tgz",
      "integrity": "sha512-k+iyHEuPgSw6SbuDpGQM+06HQUa04DZ3o+F6CSzXMvvI5KMvnaEqXe+YVe555R9nn6GPt404fos4wcgpw12SDA=="
    },
    "arg": {
      "version": "4.1.3",
      "resolved": "https://registry.npmjs.org/arg/-/arg-4.1.3.tgz",
      "integrity": "sha512-58S9QDqG0Xx27YwPSt9fJxivjYl432YCwfDMfZ+71RAqUrZef7LrKQZ3LHLOwCS4FLNBplP533Zx895SeOCHvA=="
    },
    "binary-search-bounds": {
      "version": "2.0.5",
      "resolved": "https://registry.npmjs.org/binary-search-bounds/-/binary-search-bounds-2.0.5.tgz",
      "integrity": "sha512-H0ea4Fd3lS1+sTEB2TgcLoK21lLhwEJzlQv3IN47pJS976Gx4zoWe0ak3q+uYh60ppQxg9F16Ri4tS1sfD4+jA=="
    },
    "cdt2d": {
      "version": "1.0.0",
      "resolved": "https://registry.npmjs.org/cdt2d/-/cdt2d-1.0.0.tgz",
      "integrity": "sha512-pFKb7gVhpsI6onS5HUXRoqbBIJB4CJ+KPk8kgaIVcm0zFgOxIyBT5vzifZ4j1aoGVJS0U1A+S4oFDshuLAitlA==",
      "requires": {
        "binary-search-bounds": "^2.0.3",
        "robust-in-sphere": "^1.1.3",
        "robust-orientation": "^1.1.3"
      }
    },
    "create-require": {
      "version": "1.1.1",
      "resolved": "https://registry.npmjs.org/create-require/-/create-require-1.1.1.tgz",
      "integrity": "sha512-dcKFX3jn0MpIaXjisoRvexIJVEKzaq7z2rZKxf+MSr9TkdmHmsU4m2lcLojrj/FHl8mk5VxMmYA+ftRkP/3oKQ=="
    },
    "csstype": {
      "version": "3.1.0",
      "resolved": "https://registry.npmjs.org/csstype/-/csstype-3.1.0.tgz",
      "integrity": "sha512-uX1KG+x9h5hIJsaKR9xHUeUraxf8IODOwq9JLNPq6BwB04a/xgpq3rcx47l5BZu5zBPlgD342tdke3Hom/nJRA=="
    },
    "diff": {
      "version": "4.0.2",
      "resolved": "https://registry.npmjs.org/diff/-/diff-4.0.2.tgz",
      "integrity": "sha512-58lmxKSA4BNyLz+HHMUzlOEpg09FV+ev6ZMe3vJihgdxzgcwZ8VoEEPmALCZG9LmqfVoNMMKpttIYTVG6uDY7A=="
    },
    "esbuild": {
      "version": "0.14.48",
      "resolved": "https://registry.npmjs.org/esbuild/-/esbuild-0.14.48.tgz",
      "integrity": "sha512-w6N1Yn5MtqK2U1/WZTX9ZqUVb8IOLZkZ5AdHkT6x3cHDMVsYWC7WPdiLmx19w3i4Rwzy5LqsEMtVihG3e4rFzA==",
      "requires": {
        "esbuild-android-64": "0.14.48",
        "esbuild-android-arm64": "0.14.48",
        "esbuild-darwin-64": "0.14.48",
        "esbuild-darwin-arm64": "0.14.48",
        "esbuild-freebsd-64": "0.14.48",
        "esbuild-freebsd-arm64": "0.14.48",
        "esbuild-linux-32": "0.14.48",
        "esbuild-linux-64": "0.14.48",
        "esbuild-linux-arm": "0.14.48",
        "esbuild-linux-arm64": "0.14.48",
        "esbuild-linux-mips64le": "0.14.48",
        "esbuild-linux-ppc64le": "0.14.48",
        "esbuild-linux-riscv64": "0.14.48",
        "esbuild-linux-s390x": "0.14.48",
        "esbuild-netbsd-64": "0.14.48",
        "esbuild-openbsd-64": "0.14.48",
        "esbuild-sunos-64": "0.14.48",
        "esbuild-windows-32": "0.14.48",
        "esbuild-windows-64": "0.14.48",
        "esbuild-windows-arm64": "0.14.48"
      }
    },
    "esbuild-linux-64": {
      "version": "0.14.48",
      "resolved": "https://registry.npmjs.org/esbuild-linux-64/-/esbuild-linux-64-0.14.48.tgz",
      "integrity": "sha512-vni3p/gppLMVZLghI7oMqbOZdGmLbbKR23XFARKnszCIBpEMEDxOMNIKPmMItQrmH/iJrL1z8Jt2nynY0bE1ug==",
      "optional": true
    },
    "gl-matrix": {
      "version": "3.4.3",
      "resolved": "https://registry.npmjs.org/gl-matrix/-/gl-matrix-3.4.3.tgz",
      "integrity": "sha512-wcCp8vu8FT22BnvKVPjXa/ICBWRq/zjFfdofZy1WSpQZpphblv12/bOQLBC1rMM7SGOFS9ltVmKOHil5+Ml7gA=="
    },
    "gl-vec3": {
      "version": "1.1.3",
      "resolved": "https://registry.npmjs.org/gl-vec3/-/gl-vec3-1.1.3.tgz",
      "integrity": "sha512-jduKUqT0SGH02l8Yl+mV1yVsDfYgQAJyXGxkJQGyxPLHRiW25DwVIRPt6uvhrEMHftJfqhqKthRcyZqNEl9Xdw=="
    },
    "js-tokens": {
      "version": "4.0.0",
      "resolved": "https://registry.npmjs.org/js-tokens/-/js-tokens-4.0.0.tgz",
      "integrity": "sha512-RdJUflcE3cUzKiMqQgsCu06FPu9UdIJO0beYbPhHN4k6apgJtifcoCtT9bcxOpYBtpD2kCM6Sbzg4CausW/PKQ=="
    },
    "loose-envify": {
      "version": "1.4.0",
      "resolved": "https://registry.npmjs.org/loose-envify/-/loose-envify-1.4.0.tgz",
      "integrity": "sha512-lyuxPGr/Wfhrlem2CL/UcnUc1zcqKAImBDzukY7Y5F/yQiNdko6+fRLevlw1HgMySw7f611UIY408EtxRSoK3Q==",
      "requires": {
        "js-tokens": "^3.0.0 || ^4.0.0"
      }
    },
    "make-error": {
      "version": "1.3.6",
      "resolved": "https://registry.npmjs.org/make-error/-/make-error-1.3.6.tgz",
      "integrity": "sha512-s8UhlNe7vPKomQhC1qFelMokr/Sc3AgNbso3n74mVPA5LTZwkB9NlXf4XPamLxJE8h0gh73rM94xvwRT2CVInw=="
    },
    "open-simplex-noise": {
      "version": "2.5.0",
      "resolved": "https://registry.npmjs.org/open-simplex-noise/-/open-simplex-noise-2.5.0.tgz",
      "integrity": "sha512-co7x8uWxGcgFtsJNBFqI9ylq+5Isotz2hZR7dsD5Sl+RDPGBeMEG41KAfF+5gF10ksi9Pg6DNpMHEoyTKLbejQ=="
    },
    "ray-plane-intersection": {
      "version": "1.0.0",
      "resolved": "https://registry.npmjs.org/ray-plane-intersection/-/ray-plane-intersection-1.0.0.tgz",
      "integrity": "sha512-IvYRGKZi6VSSnE7dUUBTNMG/oOVTIzBplcB7s5VJUrnp1KDRbvsinDxWFv4FftCh4c7OKSwRiWkqRA3C0KhZHQ==",
      "requires": {
        "gl-vec3": "^1.0.3"
      }
    },
    "react": {
      "version": "18.2.0",
      "resolved": "https://registry.npmjs.org/react/-/react-18.2.0.tgz",
      "integrity": "sha512-/3IjMdb2L9QbBdWiW5e3P2/npwMBaU9mHCSCUzNln0ZCYbcfTsGbTJrU/kGemdH2IWmB2ioZ+zkxtmq6g09fGQ==",
      "requires": {
        "loose-envify": "^1.1.0"
      }
    },
    "react-dom": {
      "version": "18.2.0",
      "resolved": "https://registry.npmjs.org/react-dom/-/react-dom-18.2.0.tgz",
      "integrity": "sha512-6IMTriUmvsjHUjNtEDudZfuDQUoWXVxKHhlEGSk81n4YFS+r/Kl99wXiwlVXtPBtJenozv2P+hxDsw9eA7Xo6g==",
      "requires": {
        "loose-envify": "^1.1.0",
        "scheduler": "^0.23.0"
      }
    },
    "robust-dot-product": {
      "version": "1.0.0",
      "resolved": "https://registry.npmjs.org/robust-dot-product/-/robust-dot-product-1.0.0.tgz",
      "integrity": "sha512-Nu/wah8B8RotyZLRPdlEL0ZDh3b7wSwUBLdbTHwS/yw0qqjMJ943PSCkd6EsF5R5QFDWF2x77DGsbmnv9/7/ew==",
      "requires": {
        "robust-sum": "^1.0.0",
        "two-product": "^1.0.0"
      }
    },
    "robust-in-sphere": {
      "version": "1.2.1",
      "resolved": "https://registry.npmjs.org/robust-in-sphere/-/robust-in-sphere-1.2.1.tgz",
      "integrity": "sha512-3zJdcMIOP1gdwux93MKTS0RiMYEGwQBoE5R1IW/9ZQmGeZzP7f7i4+xdcK8ujJvF/dEOS1WPuI9IB1WNFbj3Cg==",
      "requires": {
        "robust-scale": "^1.0.0",
        "robust-subtract": "^1.0.0",
        "robust-sum": "^1.0.0",
        "two-product": "^1.0.0"
      }
    },
    "robust-orientation": {
      "version": "1.2.1",
      "resolved": "https://registry.npmjs.org/robust-orientation/-/robust-orientation-1.2.1.tgz",
      "integrity": "sha512-FuTptgKwY6iNuU15nrIJDLjXzCChWB+T4AvksRtwPS/WZ3HuP1CElCm1t+OBfgQKfWbtZIawip+61k7+buRKAg==",
      "requires": {
        "robust-scale": "^1.0.2",
        "robust-subtract": "^1.0.0",
        "robust-sum": "^1.0.0",
        "two-product": "^1.0.2"
      }
    },
    "robust-point-in-polygon": {
      "version": "1.0.3",
      "resolved": "https://registry.npmjs.org/robust-point-in-polygon/-/robust-point-in-polygon-1.0.3.tgz",
      "integrity": "sha512-pPzz7AevOOcPYnFv4Vs5L0C7BKOq6C/TfAw5EUE58CylbjGiPyMjAnPLzzSuPZ2zftUGwWbmLWPOjPOz61tAcA==",
      "requires": {
        "robust-orientation": "^1.0.2"
      }
    },
    "robust-scale": {
      "version": "1.0.2",
      "resolved": "https://registry.npmjs.org/robust-scale/-/robust-scale-1.0.2.tgz",
      "integrity": "sha512-jBR91a/vomMAzazwpsPTPeuTPPmWBacwA+WYGNKcRGSh6xweuQ2ZbjRZ4v792/bZOhRKXRiQH0F48AvuajY0tQ==",
      "requires": {
        "two-product": "^1.0.2",
        "two-sum": "^1.0.0"
      }
    },
    "robust-subtract": {
      "version": "1.0.0",
      "resolved": "https://registry.npmjs.org/robust-subtract/-/robust-subtract-1.0.0.tgz",
      "integrity": "sha512-xhKUno+Rl+trmxAIVwjQMiVdpF5llxytozXJOdoT4eTIqmqsndQqFb1A0oiW3sZGlhMRhOi6pAD4MF1YYW6o/A=="
    },
    "robust-sum": {
      "version": "1.0.0",
      "resolved": "https://registry.npmjs.org/robust-sum/-/robust-sum-1.0.0.tgz",
      "integrity": "sha512-AvLExwpaqUqD1uwLU6MwzzfRdaI6VEZsyvQ3IAQ0ZJ08v1H+DTyqskrf2ZJyh0BDduFVLN7H04Zmc+qTiahhAw=="
    },
    "scheduler": {
      "version": "0.23.0",
      "resolved": "https://registry.npmjs.org/scheduler/-/scheduler-0.23.0.tgz",
      "integrity": "sha512-CtuThmgHNg7zIZWAXi3AsyIzA3n4xx7aNyjwC2VJldO2LMVDhFK+63xGqq6CsJH4rTAt6/M+N4GhZiDYPx9eUw==",
      "requires": {
        "loose-envify": "^1.1.0"
      }
    },
    "simplex-noise": {
      "version": "4.0.0",
      "resolved": "https://registry.npmjs.org/simplex-noise/-/simplex-noise-4.0.0.tgz",
      "integrity": "sha512-ciRAxJnRdQhFhZ7+yZKxk8bQJoIq2J2UPO2pbzy1vcrWFq70P4hNCCmcCTkBKDCIeXZVd/yKjL8Fmh8Aeu5+6g=="
    },
    "split-polygon": {
      "version": "1.0.0",
      "resolved": "https://registry.npmjs.org/split-polygon/-/split-polygon-1.0.0.tgz",
      "integrity": "sha512-nBFcgQUVEE8dcOjuKaRdlM53k8RxUYpRxZ//n0pHJQGhbVscrsti+gllJI3pK3y7fgFwGWgt7NFhAX5sz0UoWQ==",
      "requires": {
        "robust-dot-product": "^1.0.0",
        "robust-sum": "^1.0.0"
      }
    },
    "ts-node": {
      "version": "10.9.1",
      "resolved": "https://registry.npmjs.org/ts-node/-/ts-node-10.9.1.tgz",
      "integrity": "sha512-NtVysVPkxxrwFGUUxGYhfux8k78pQB3JqYBXlLRZgdGUqTO5wU/UyHop5p70iEbGhB7q5KmiZiU0Y3KlJrScEw==",
      "requires": {
        "@cspotcode/source-map-support": "^0.8.0",
        "@tsconfig/node10": "^1.0.7",
        "@tsconfig/node12": "^1.0.7",
        "@tsconfig/node14": "^1.0.0",
        "@tsconfig/node16": "^1.0.2",
        "acorn": "^8.4.1",
        "acorn-walk": "^8.1.1",
        "arg": "^4.1.0",
        "create-require": "^1.1.0",
        "diff": "^4.0.1",
        "make-error": "^1.1.1",
        "v8-compile-cache-lib": "^3.0.1",
        "yn": "3.1.1"
      }
    },
    "two-product": {
      "version": "1.0.2",
      "resolved": "https://registry.npmjs.org/two-product/-/two-product-1.0.2.tgz",
      "integrity": "sha512-vOyrqmeYvzjToVM08iU52OFocWT6eB/I5LUWYnxeAPGXAhAxXYU/Yr/R2uY5/5n4bvJQL9AQulIuxpIsMoT8XQ=="
    },
    "two-sum": {
      "version": "1.0.0",
      "resolved": "https://registry.npmjs.org/two-sum/-/two-sum-1.0.0.tgz",
      "integrity": "sha512-phP48e8AawgsNUjEY2WvoIWqdie8PoiDZGxTDv70LDr01uX5wLEQbOgSP7Z/B6+SW5oLtbe8qaYX2fKJs3CGTw=="
    },
    "typescript": {
      "version": "4.7.4",
      "resolved": "https://registry.npmjs.org/typescript/-/typescript-4.7.4.tgz",
      "integrity": "sha512-C0WQT0gezHuw6AdY1M2jxUO83Rjf0HP7Sk1DtXj6j1EwkQNZrHAg2XPWlq62oqEhYvONq5pkC2Y9oPljWToLmQ=="
    },
    "v8-compile-cache-lib": {
      "version": "3.0.1",
      "resolved": "https://registry.npmjs.org/v8-compile-cache-lib/-/v8-compile-cache-lib-3.0.1.tgz",
      "integrity": "sha512-wa7YjyUGfNZngI/vtK0UHAN+lgDCxBPCylVXGp0zu59Fz5aiGtNXaq3DhIov063MorB+VfufLh3JlF2KdTK3xg=="
    },
    "watertight-ray-triangle-intersection": {
      "version": "0.0.1",
      "resolved": "https://registry.npmjs.org/watertight-ray-triangle-intersection/-/watertight-ray-triangle-intersection-0.0.1.tgz",
      "integrity": "sha512-dh4jy7BzEwjpmnvU4Zg+JVtLim7yAuQdNuQ+eNVIuBczrRP8UgaYyHtk1raNCmzOwbBYSNJDjqiermFznaua2A==",
      "requires": {
        "gl-vec3": "^1.0.3"
      }
    },
    "yn": {
      "version": "3.1.1",
      "resolved": "https://registry.npmjs.org/yn/-/yn-3.1.1.tgz",
      "integrity": "sha512-Ux4ygGWsu2c7isFWe8Yu1YluJmqVhxqK2cLXNQA5AcC3QfbGNpM7fu0Y8b/z16pXLnFxZYvWhd3fhBY9DLmC6Q=="
    }
  }
}
